
Microsoft Visual Studio Solution File, Format Version 12.00
Project("{FAE04EC0-301F-11D3-BF4B-00C04F79EFBC}") = "Hobble.Lang", "Hobble.Lang\Hobble.Lang.csproj", "{018A1C41-FE9A-49A5-BAE9-8CABC9ECF8A0}"
EndProject
Project("{FAE04EC0-301F-11D3-BF4B-00C04F79EFBC}") = "Hobble.Lang.UnitTests", "Hobble.Lang.UnitTests\Hobble.Lang.UnitTests.csproj", "{8AB6ECA4-E3B5-4B0E-A8E7-43209F1C20F7}"
EndProject
Project("{FAE04EC0-301F-11D3-BF4B-00C04F79EFBC}") = "Hobble.Lang.IntegrationTests", "Hobble.Lang.IntegrationTests\Hobble.Lang.IntegrationTests.csproj", "{41D551EC-9E17-4E98-BC6A-019893FD7E1F}"
EndProject
Global
	GlobalSection(SolutionConfigurationPlatforms) = preSolution
		Debug|Any CPU = Debug|Any CPU
		Release|Any CPU = Release|Any CPU
	EndGlobalSection
	GlobalSection(ProjectConfigurationPlatforms) = postSolution
		{018A1C41-FE9A-49A5-BAE9-8CABC9ECF8A0}.Debug|Any CPU.ActiveCfg = Debug|Any CPU
		{018A1C41-FE9A-49A5-BAE9-8CABC9ECF8A0}.Debug|Any CPU.Build.0 = Debug|Any CPU
		{018A1C41-FE9A-49A5-BAE9-8CABC9ECF8A0}.Release|Any CPU.ActiveCfg = Release|Any CPU
		{018A1C41-FE9A-49A5-BAE9-8CABC9ECF8A0}.Release|Any CPU.Build.0 = Release|Any CPU
		{8AB6ECA4-E3B5-4B0E-A8E7-43209F1C20F7}.Debug|Any CPU.ActiveCfg = Debug|Any CPU
		{8AB6ECA4-E3B5-4B0E-A8E7-43209F1C20F7}.Debug|Any CPU.Build.0 = Debug|Any CPU
		{8AB6ECA4-E3B5-4B0E-A8E7-43209F1C20F7}.Release|Any CPU.ActiveCfg = Release|Any CPU
		{8AB6ECA4-E3B5-4B0E-A8E7-43209F1C20F7}.Release|Any CPU.Build.0 = Release|Any CPU
		{41D551EC-9E17-4E98-BC6A-019893FD7E1F}.Debug|Any CPU.ActiveCfg = Debug|Any CPU
		{41D551EC-9E17-4E98-BC6A-019893FD7E1F}.Debug|Any CPU.Build.0 = Debug|Any CPU
		{41D551EC-9E17-4E98-BC6A-019893FD7E1F}.Release|Any CPU.ActiveCfg = Release|Any CPU
		{41D551EC-9E17-4E98-BC6A-019893FD7E1F}.Release|Any CPU.Build.0 = Release|Any CPU
	EndGlobalSection
EndGlobal
